PODS:
  - Crashlytics (3.10.4):
    - Fabric (~> 1.7.9)
  - Fabric (1.7.9)

DEPENDENCIES:
  - Crashlytics
  - Fabric

SPEC REPOS:
  https://github.com/cocoapods/specs.git:
    - Crashlytics
    - Fabric

SPEC CHECKSUMS:
  Crashlytics: 915a7787b84f635fb2a81f92a90e265c2c413f76
  Fabric: a2917d3895e4c1569b9c3170de7320ea1b1e6661

PODFILE CHECKSUM: be440e7db164c590a0899edc4f4b6f3d3b6d203b

COCOAPODS: 1.5.3
