// !$*UTF8*$!
{
	archiveVersion = 1;
	classes = {
	};
	objectVersion = 50;
	objects = {

/* Begin PBXBuildFile section */
		767EE72483DA2D51BAEAF314 /* Pods_MusicJournal.framework in Frameworks */ = {isa = PBXBuildFile; fileRef = 3ED345FC41A4AE8998255316 /* Pods_MusicJournal.framework */; };
		F60419F422F96BA50066D831 /* revisediPadStoryboard.storyboard in Resources */ = {isa = PBXBuildFile; fileRef = F60419F322F96BA50066D831 /* revisediPadStoryboard.storyboard */; };
		F628826A21068AAE0010B15E /* MusicJournal.xcdatamodeld in Sources */ = {isa = PBXBuildFile; fileRef = F628826821068AAE0010B15E /* MusicJournal.xcdatamodeld */; };
		F6367A6C2103ED3800981216 /* SongInfo.swift in Sources */ = {isa = PBXBuildFile; fileRef = F6367A6B2103ED3800981216 /* SongInfo.swift */; };
		F6367A762103FECC00981216 /* myRecordingsTableViewCell.swift in Sources */ = {isa = PBXBuildFile; fileRef = F6367A752103FECC00981216 /* myRecordingsTableViewCell.swift */; };
		F6367A782104005700981216 /* MyRecordingsTableViewController.swift in Sources */ = {isa = PBXBuildFile; fileRef = F6367A772104005700981216 /* MyRecordingsTableViewController.swift */; };
		F64AF5EF2314BF0B0030FC50 /* privacyPolicyCell.swift in Sources */ = {isa = PBXBuildFile; fileRef = F64AF5EE2314BF0B0030FC50 /* privacyPolicyCell.swift */; };
		F65BA7CF22E0094A00785E38 /* PageTutorialViewController.swift in Sources */ = {isa = PBXBuildFile; fileRef = F65BA7CE22E0094A00785E38 /* PageTutorialViewController.swift */; };
		F65BA80722E0AFF200785E38 /* Tutorial1.swift in Sources */ = {isa = PBXBuildFile; fileRef = F65BA80622E0AFF200785E38 /* Tutorial1.swift */; };
		F65BA80922E0B00300785E38 /* Tutorial2.swift in Sources */ = {isa = PBXBuildFile; fileRef = F65BA80822E0B00300785E38 /* Tutorial2.swift */; };
		F65BA80B22E0B01300785E38 /* Tutorial3.swift in Sources */ = {isa = PBXBuildFile; fileRef = F65BA80A22E0B01300785E38 /* Tutorial3.swift */; };
		F669988122F7C0E0004A525B /* CustomCategoryAlert.swift in Sources */ = {isa = PBXBuildFile; fileRef = F669988022F7C0E0004A525B /* CustomCategoryAlert.swift */; };
		F681E98A22E361CB00BA8F19 /* ShortAlertVC.swift in Sources */ = {isa = PBXBuildFile; fileRef = F681E98922E361CB00BA8F19 /* ShortAlertVC.swift */; };
		F681E98D22E3FE6300BA8F19 /* YesNoAlertVC.swift in Sources */ = {isa = PBXBuildFile; fileRef = F681E98C22E3FE6300BA8F19 /* YesNoAlertVC.swift */; };
		F681E98F22E4077000BA8F19 /* editCategoriesVC.swift in Sources */ = {isa = PBXBuildFile; fileRef = F681E98E22E4077000BA8F19 /* editCategoriesVC.swift */; };
		F68B8FF523131D35003FE093 /* GoogleService-Info.plist in Resources */ = {isa = PBXBuildFile; fileRef = F68B8FF423131D35003FE093 /* GoogleService-Info.plist */; };
		F6ABEE2C210446CC00143E67 /* convertToString.swift in Sources */ = {isa = PBXBuildFile; fileRef = F6ABEE2B210446CC00143E67 /* convertToString.swift */; };
		F6E6E66C2106427E00C47C2E /* CoreDataHelper.swift in Sources */ = {isa = PBXBuildFile; fileRef = F6E6E66B2106427E00C47C2E /* CoreDataHelper.swift */; };
		F6EB02B32103D759006CD141 /* AppDelegate.swift in Sources */ = {isa = PBXBuildFile; fileRef = F6EB02B22103D759006CD141 /* AppDelegate.swift */; };
		F6EB02B52103D759006CD141 /* HomeViewController.swift in Sources */ = {isa = PBXBuildFile; fileRef = F6EB02B42103D759006CD141 /* HomeViewController.swift */; };
		F6EB02B82103D759006CD141 /* Main.storyboard in Resources */ = {isa = PBXBuildFile; fileRef = F6EB02B62103D759006CD141 /* Main.storyboard */; };
		F6EB02BD2103D75A006CD141 /* Assets.xcassets in Resources */ = {isa = PBXBuildFile; fileRef = F6EB02BC2103D75A006CD141 /* Assets.xcassets */; };
		F6EB02C02103D75A006CD141 /* LaunchScreen.storyboard in Resources */ = {isa = PBXBuildFile; fileRef = F6EB02BE2103D75A006CD141 /* LaunchScreen.storyboard */; };
		F6EB8AEE22E196170024AC4C /* OKAlertViewController.swift in Sources */ = {isa = PBXBuildFile; fileRef = F6EB8AED22E196170024AC4C /* OKAlertViewController.swift */; };
/* End PBXBuildFile section */

/* Begin PBXFileReference section */
		3ED345FC41A4AE8998255316 /* Pods_MusicJournal.framework */ = {isa = PBXFileReference; explicitFileType = wrapper.framework; includeInIndex = 0; path = Pods_MusicJournal.framework; sourceTree = BUILT_PRODUCTS_DIR; };
		B975F268D6AAC23F0A76E379 /* Pods-MusicJournal.debug.xcconfig */ = {isa = PBXFileReference; includeInIndex = 1; lastKnownFileType = text.xcconfig; name = "Pods-MusicJournal.debug.xcconfig"; path = "Pods/Target Support Files/Pods-MusicJournal/Pods-MusicJournal.debug.xcconfig"; sourceTree = "<group>"; };
		C3508BDD8B919D799E6C5FD8 /* Pods-MusicJournal.release.xcconfig */ = {isa = PBXFileReference; includeInIndex = 1; lastKnownFileType = text.xcconfig; name = "Pods-MusicJournal.release.xcconfig"; path = "Pods/Target Support Files/Pods-MusicJournal/Pods-MusicJournal.release.xcconfig"; sourceTree = "<group>"; };
		F60419F322F96BA50066D831 /* revisediPadStoryboard.storyboard */ = {isa = PBXFileReference; lastKnownFileType = file.storyboard; path = revisediPadStoryboard.storyboard; sourceTree = "<group>"; };
		F628826921068AAE0010B15E /* MusicJournal.xcdatamodel */ = {isa = PBXFileReference; lastKnownFileType = wrapper.xcdatamodel; path = MusicJournal.xcdatamodel; sourceTree = "<group>"; };
		F6367A6B2103ED3800981216 /* SongInfo.swift */ = {isa = PBXFileReference; lastKnownFileType = sourcecode.swift; path = SongInfo.swift; sourceTree = "<group>"; };
		F6367A752103FECC00981216 /* myRecordingsTableViewCell.swift */ = {isa = PBXFileReference; lastKnownFileType = sourcecode.swift; path = myRecordingsTableViewCell.swift; sourceTree = "<group>"; };
		F6367A772104005700981216 /* MyRecordingsTableViewController.swift */ = {isa = PBXFileReference; lastKnownFileType = sourcecode.swift; path = MyRecordingsTableViewController.swift; sourceTree = "<group>"; };
		F64AF5EE2314BF0B0030FC50 /* privacyPolicyCell.swift */ = {isa = PBXFileReference; lastKnownFileType = sourcecode.swift; path = privacyPolicyCell.swift; sourceTree = "<group>"; };
		F65BA7CE22E0094A00785E38 /* PageTutorialViewController.swift */ = {isa = PBXFileReference; lastKnownFileType = sourcecode.swift; name = PageTutorialViewController.swift; path = MusicJournal/ViewControllers/PageTutorialViewController.swift; sourceTree = SOURCE_ROOT; };
		F65BA80622E0AFF200785E38 /* Tutorial1.swift */ = {isa = PBXFileReference; lastKnownFileType = sourcecode.swift; path = Tutorial1.swift; sourceTree = "<group>"; };
		F65BA80822E0B00300785E38 /* Tutorial2.swift */ = {isa = PBXFileReference; lastKnownFileType = sourcecode.swift; path = Tutorial2.swift; sourceTree = "<group>"; };
		F65BA80A22E0B01300785E38 /* Tutorial3.swift */ = {isa = PBXFileReference; lastKnownFileType = sourcecode.swift; path = Tutorial3.swift; sourceTree = "<group>"; };
		F669988022F7C0E0004A525B /* CustomCategoryAlert.swift */ = {isa = PBXFileReference; lastKnownFileType = sourcecode.swift; path = CustomCategoryAlert.swift; sourceTree = "<group>"; };
		F681E98922E361CB00BA8F19 /* ShortAlertVC.swift */ = {isa = PBXFileReference; lastKnownFileType = sourcecode.swift; path = ShortAlertVC.swift; sourceTree = "<group>"; };
		F681E98C22E3FE6300BA8F19 /* YesNoAlertVC.swift */ = {isa = PBXFileReference; lastKnownFileType = sourcecode.swift; path = YesNoAlertVC.swift; sourceTree = "<group>"; };
		F681E98E22E4077000BA8F19 /* editCategoriesVC.swift */ = {isa = PBXFileReference; lastKnownFileType = sourcecode.swift; path = editCategoriesVC.swift; sourceTree = "<group>"; };
		F68B8FF423131D35003FE093 /* GoogleService-Info.plist */ = {isa = PBXFileReference; fileEncoding = 4; lastKnownFileType = text.plist.xml; path = "GoogleService-Info.plist"; sourceTree = "<group>"; };
		F6ABEE2B210446CC00143E67 /* convertToString.swift */ = {isa = PBXFileReference; lastKnownFileType = sourcecode.swift; path = convertToString.swift; sourceTree = "<group>"; };
		F6E6E66B2106427E00C47C2E /* CoreDataHelper.swift */ = {isa = PBXFileReference; lastKnownFileType = sourcecode.swift; path = CoreDataHelper.swift; sourceTree = "<group>"; };
		F6EB02AF2103D759006CD141 /* MusicJournal.app */ = {isa = PBXFileReference; explicitFileType = wrapper.application; includeInIndex = 0; path = MusicJournal.app; sourceTree = BUILT_PRODUCTS_DIR; };
		F6EB02B22103D759006CD141 /* AppDelegate.swift */ = {isa = PBXFileReference; lastKnownFileType = sourcecode.swift; path = AppDelegate.swift; sourceTree = "<group>"; };
		F6EB02B42103D759006CD141 /* HomeViewController.swift */ = {isa = PBXFileReference; lastKnownFileType = sourcecode.swift; path = HomeViewController.swift; sourceTree = "<group>"; };
		F6EB02B72103D759006CD141 /* Base */ = {isa = PBXFileReference; lastKnownFileType = file.storyboard; name = Base; path = Base.lproj/Main.storyboard; sourceTree = "<group>"; };
		F6EB02BC2103D75A006CD141 /* Assets.xcassets */ = {isa = PBXFileReference; lastKnownFileType = folder.assetcatalog; path = Assets.xcassets; sourceTree = "<group>"; };
		F6EB02BF2103D75A006CD141 /* Base */ = {isa = PBXFileReference; lastKnownFileType = file.storyboard; name = Base; path = Base.lproj/LaunchScreen.storyboard; sourceTree = "<group>"; };
		F6EB02C12103D75A006CD141 /* Info.plist */ = {isa = PBXFileReference; lastKnownFileType = text.plist.xml; path = Info.plist; sourceTree = "<group>"; };
		F6EB8AED22E196170024AC4C /* OKAlertViewController.swift */ = {isa = PBXFileReference; lastKnownFileType = sourcecode.swift; path = OKAlertViewController.swift; sourceTree = "<group>"; };
/* End PBXFileReference section */

/* Begin PBXFrameworksBuildPhase section */
		F6EB02AC2103D759006CD141 /* Frameworks */ = {
			isa = PBXFrameworksBuildPhase;
			buildActionMask = 2147483647;
			files = (
				767EE72483DA2D51BAEAF314 /* Pods_MusicJournal.framework in Frameworks */,
			);
			runOnlyForDeploymentPostprocessing = 0;
		};
/* End PBXFrameworksBuildPhase section */

/* Begin PBXGroup section */
		507205A770C0D9B9F5E624B3 /* Frameworks */ = {
			isa = PBXGroup;
			children = (
				3ED345FC41A4AE8998255316 /* Pods_MusicJournal.framework */,
			);
			name = Frameworks;
			sourceTree = "<group>";
		};
		C7FE442FC25602C34BD88E1E /* Pods */ = {
			isa = PBXGroup;
			children = (
				B975F268D6AAC23F0A76E379 /* Pods-MusicJournal.debug.xcconfig */,
				C3508BDD8B919D799E6C5FD8 /* Pods-MusicJournal.release.xcconfig */,
			);
			name = Pods;
			sourceTree = "<group>";
		};
		F6367A6F2103F9CD00981216 /* Models */ = {
			isa = PBXGroup;
			children = (
				F628826821068AAE0010B15E /* MusicJournal.xcdatamodeld */,
			);
			path = Models;
			sourceTree = "<group>";
		};
		F65BA80522E0AFDB00785E38 /* Tutorial */ = {
			isa = PBXGroup;
			children = (
				F65BA80622E0AFF200785E38 /* Tutorial1.swift */,
				F65BA80822E0B00300785E38 /* Tutorial2.swift */,
				F65BA80A22E0B01300785E38 /* Tutorial3.swift */,
			);
			path = Tutorial;
			sourceTree = "<group>";
		};
		F65CC04A210405AF00C8ABC2 /* Views */ = {
			isa = PBXGroup;
			children = (
				F6367A752103FECC00981216 /* myRecordingsTableViewCell.swift */,
			);
			path = Views;
			sourceTree = "<group>";
		};
		F681E98B22E3FE3F00BA8F19 /* AlertControllers */ = {
			isa = PBXGroup;
			children = (
				F6EB8AED22E196170024AC4C /* OKAlertViewController.swift */,
				F681E98922E361CB00BA8F19 /* ShortAlertVC.swift */,
				F681E98C22E3FE6300BA8F19 /* YesNoAlertVC.swift */,
				F669988022F7C0E0004A525B /* CustomCategoryAlert.swift */,
				F64AF5EE2314BF0B0030FC50 /* privacyPolicyCell.swift */,
			);
			path = AlertControllers;
			sourceTree = "<group>";
		};
		F6ABEE2A210446AB00143E67 /* Extensions */ = {
			isa = PBXGroup;
			children = (
				F6ABEE2B210446CC00143E67 /* convertToString.swift */,
			);
			path = Extensions;
			sourceTree = "<group>";
		};
		F6E6E66A2106426D00C47C2E /* Helpers */ = {
			isa = PBXGroup;
			children = (
				F6E6E66B2106427E00C47C2E /* CoreDataHelper.swift */,
			);
			path = Helpers;
			sourceTree = "<group>";
		};
		F6EB02A62103D759006CD141 = {
			isa = PBXGroup;
			children = (
				F6E6E66A2106426D00C47C2E /* Helpers */,
				F6ABEE2A210446AB00143E67 /* Extensions */,
				F6367A6F2103F9CD00981216 /* Models */,
				F6EB02B12103D759006CD141 /* MusicJournal */,
				F6EB02B02103D759006CD141 /* Products */,
				C7FE442FC25602C34BD88E1E /* Pods */,
				507205A770C0D9B9F5E624B3 /* Frameworks */,
			);
			sourceTree = "<group>";
		};
		F6EB02B02103D759006CD141 /* Products */ = {
			isa = PBXGroup;
			children = (
				F6EB02AF2103D759006CD141 /* MusicJournal.app */,
			);
			name = Products;
			sourceTree = "<group>";
		};
		F6EB02B12103D759006CD141 /* MusicJournal */ = {
			isa = PBXGroup;
			children = (
				F681E98B22E3FE3F00BA8F19 /* AlertControllers */,
				F65BA80522E0AFDB00785E38 /* Tutorial */,
				F65CC04A210405AF00C8ABC2 /* Views */,
				F6EB02C92103D77E006CD141 /* ViewControllers */,
				F6EB02C82103D76E006CD141 /* Storyboards */,
				F6EB02B22103D759006CD141 /* AppDelegate.swift */,
				F6EB02BC2103D75A006CD141 /* Assets.xcassets */,
				F6EB02BE2103D75A006CD141 /* LaunchScreen.storyboard */,
				F6EB02C12103D75A006CD141 /* Info.plist */,
				F68B8FF423131D35003FE093 /* GoogleService-Info.plist */,
			);
			path = MusicJournal;
			sourceTree = "<group>";
		};
		F6EB02C82103D76E006CD141 /* Storyboards */ = {
			isa = PBXGroup;
			children = (
				F6EB02B62103D759006CD141 /* Main.storyboard */,
				F60419F322F96BA50066D831 /* revisediPadStoryboard.storyboard */,
			);
			path = Storyboards;
			sourceTree = "<group>";
		};
		F6EB02C92103D77E006CD141 /* ViewControllers */ = {
			isa = PBXGroup;
			children = (
				F6EB02B42103D759006CD141 /* HomeViewController.swift */,
				F6367A6B2103ED3800981216 /* SongInfo.swift */,
				F6367A772104005700981216 /* MyRecordingsTableViewController.swift */,
				F65BA7CE22E0094A00785E38 /* PageTutorialViewController.swift */,
				F681E98E22E4077000BA8F19 /* editCategoriesVC.swift */,
			);
			path = ViewControllers;
			sourceTree = "<group>";
		};
/* End PBXGroup section */

/* Begin PBXNativeTarget section */
		F6EB02AE2103D759006CD141 /* MusicJournal */ = {
			isa = PBXNativeTarget;
			buildConfigurationList = F6EB02C42103D75A006CD141 /* Build configuration list for PBXNativeTarget "MusicJournal" */;
			buildPhases = (
				22235934A2AE2924DE60F0C2 /* [CP] Check Pods Manifest.lock */,
				F6EB02AB2103D759006CD141 /* Sources */,
				F6EB02AC2103D759006CD141 /* Frameworks */,
				F6EB02AD2103D759006CD141 /* Resources */,
				F6707CAE211E2EB500213869 /* ShellScript */,
				7C92FF8D67B73FB250241755 /* [CP] Embed Pods Frameworks */,
			);
			buildRules = (
			);
			dependencies = (
			);
			name = MusicJournal;
			productName = MusicJournal;
			productReference = F6EB02AF2103D759006CD141 /* MusicJournal.app */;
			productType = "com.apple.product-type.application";
		};
/* End PBXNativeTarget section */

/* Begin PBXProject section */
		F6EB02A72103D759006CD141 /* Project object */ = {
			isa = PBXProject;
			attributes = {
				LastSwiftUpdateCheck = 0940;
				LastUpgradeCheck = 0940;
				ORGANIZATIONNAME = MakeSchool;
				TargetAttributes = {
					F6EB02AE2103D759006CD141 = {
						CreatedOnToolsVersion = 9.4.1;
					};
				};
			};
			buildConfigurationList = F6EB02AA2103D759006CD141 /* Build configuration list for PBXProject "MusicJournal" */;
			compatibilityVersion = "Xcode 9.3";
			developmentRegion = en;
			hasScannedForEncodings = 0;
			knownRegions = (
				en,
				Base,
			);
			mainGroup = F6EB02A62103D759006CD141;
			productRefGroup = F6EB02B02103D759006CD141 /* Products */;
			projectDirPath = "";
			projectRoot = "";
			targets = (
				F6EB02AE2103D759006CD141 /* MusicJournal */,
			);
		};
/* End PBXProject section */

/* Begin PBXResourcesBuildPhase section */
		F6EB02AD2103D759006CD141 /* Resources */ = {
			isa = PBXResourcesBuildPhase;
			buildActionMask = 2147483647;
			files = (
				F6EB02C02103D75A006CD141 /* LaunchScreen.storyboard in Resources */,
				F60419F422F96BA50066D831 /* revisediPadStoryboard.storyboard in Resources */,
				F68B8FF523131D35003FE093 /* GoogleService-Info.plist in Resources */,
				F6EB02BD2103D75A006CD141 /* Assets.xcassets in Resources */,
				F6EB02B82103D759006CD141 /* Main.storyboard in Resources */,
			);
			runOnlyForDeploymentPostprocessing = 0;
		};
/* End PBXResourcesBuildPhase section */

/* Begin PBXShellScriptBuildPhase section */
		22235934A2AE2924DE60F0C2 /* [CP] Check Pods Manifest.lock */ = {
			isa = PBXShellScriptBuildPhase;
			buildActionMask = 2147483647;
			files = (
			);
			inputPaths = (
				"${PODS_PODFILE_DIR_PATH}/Podfile.lock",
				"${PODS_ROOT}/Manifest.lock",
			);
			name = "[CP] Check Pods Manifest.lock";
			outputPaths = (
				"$(DERIVED_FILE_DIR)/Pods-MusicJournal-checkManifestLockResult.txt",
			);
			runOnlyForDeploymentPostprocessing = 0;
			shellPath = /bin/sh;
			shellScript = "diff \"${PODS_PODFILE_DIR_PATH}/Podfile.lock\" \"${PODS_ROOT}/Manifest.lock\" > /dev/null\nif [ $? != 0 ] ; then\n    # print error to STDERR\n    echo \"error: The sandbox is not in sync with the Podfile.lock. Run 'pod install' or update your CocoaPods installation.\" >&2\n    exit 1\nfi\n# This output is used by Xcode 'outputs' to avoid re-running this script phase.\necho \"SUCCESS\" > \"${SCRIPT_OUTPUT_FILE_0}\"\n";
			showEnvVarsInLog = 0;
		};
		7C92FF8D67B73FB250241755 /* [CP] Embed Pods Frameworks */ = {
			isa = PBXShellScriptBuildPhase;
			buildActionMask = 2147483647;
			files = (
			);
			inputPaths = (
				"${SRCROOT}/Pods/Target Support Files/Pods-MusicJournal/Pods-MusicJournal-frameworks.sh",
				"${BUILT_PRODUCTS_DIR}/GoogleUtilities/GoogleUtilities.framework",
				"${BUILT_PRODUCTS_DIR}/nanopb/nanopb.framework",
			);
			name = "[CP] Embed Pods Frameworks";
			outputPaths = (
				"${TARGET_BUILD_DIR}/${FRAMEWORKS_FOLDER_PATH}/GoogleUtilities.framework",
				"${TARGET_BUILD_DIR}/${FRAMEWORKS_FOLDER_PATH}/nanopb.framework",
			);
			runOnlyForDeploymentPostprocessing = 0;
			shellPath = /bin/sh;
			shellScript = "\"${SRCROOT}/Pods/Target Support Files/Pods-MusicJournal/Pods-MusicJournal-frameworks.sh\"\n";
			showEnvVarsInLog = 0;
		};
		F6707CAE211E2EB500213869 /* ShellScript */ = {
			isa = PBXShellScriptBuildPhase;
			buildActionMask = 2147483647;
			files = (
			);
			inputPaths = (
			);
			outputPaths = (
			);
			runOnlyForDeploymentPostprocessing = 0;
			shellPath = /bin/sh;
			shellScript = "
";
		};
/* End PBXShellScriptBuildPhase section */

/* Begin PBXSourcesBuildPhase section */
		F6EB02AB2103D759006CD141 /* Sources */ = {
			isa = PBXSourcesBuildPhase;
			buildActionMask = 2147483647;
			files = (
				F6E6E66C2106427E00C47C2E /* CoreDataHelper.swift in Sources */,
				F65BA80B22E0B01300785E38 /* Tutorial3.swift in Sources */,
				F681E98A22E361CB00BA8F19 /* ShortAlertVC.swift in Sources */,
				F669988122F7C0E0004A525B /* CustomCategoryAlert.swift in Sources */,
				F64AF5EF2314BF0B0030FC50 /* privacyPolicyCell.swift in Sources */,
				F6ABEE2C210446CC00143E67 /* convertToString.swift in Sources */,
				F6367A782104005700981216 /* MyRecordingsTableViewController.swift in Sources */,
				F628826A21068AAE0010B15E /* MusicJournal.xcdatamodeld in Sources */,
				F681E98F22E4077000BA8F19 /* editCategoriesVC.swift in Sources */,
				F6EB02B52103D759006CD141 /* HomeViewController.swift in Sources */,
				F681E98D22E3FE6300BA8F19 /* YesNoAlertVC.swift in Sources */,
				F65BA7CF22E0094A00785E38 /* PageTutorialViewController.swift in Sources */,
				F6367A762103FECC00981216 /* myRecordingsTableViewCell.swift in Sources */,
				F6367A6C2103ED3800981216 /* SongInfo.swift in Sources */,
				F6EB8AEE22E196170024AC4C /* OKAlertViewController.swift in Sources */,
				F6EB02B32103D759006CD141 /* AppDelegate.swift in Sources */,
				F65BA80722E0AFF200785E38 /* Tutorial1.swift in Sources */,
				F65BA80922E0B00300785E38 /* Tutorial2.swift in Sources */,
			);
			runOnlyForDeploymentPostprocessing = 0;
		};
/* End PBXSourcesBuildPhase section */

/* Begin PBXVariantGroup section */
		F6EB02B62103D759006CD141 /* Main.storyboard */ = {
			isa = PBXVariantGroup;
			children = (
				F6EB02B72103D759006CD141 /* Base */,
			);
			name = Main.storyboard;
			sourceTree = "<group>";
		};
		F6EB02BE2103D75A006CD141 /* LaunchScreen.storyboard */ = {
			isa = PBXVariantGroup;
			children = (
				F6EB02BF2103D75A006CD141 /* Base */,
			);
			name = LaunchScreen.storyboard;
			sourceTree = "<group>";
		};
/* End PBXVariantGroup section */

/* Begin XCBuildConfiguration section */
		F6EB02C22103D75A006CD141 /* Debug */ = {
			isa = XCBuildConfiguration;
			buildSettings = {
				ALWAYS_SEARCH_USER_PATHS = NO;
				CLANG_ANALYZER_NONNULL = YES;
				CLANG_ANALYZER_NUMBER_OBJECT_CONVERSION = YES_AGGRESSIVE;
				CLANG_CXX_LANGUAGE_STANDARD = "gnu++14";
				CLANG_CXX_LIBRARY = "libc++";
				CLANG_ENABLE_MODULES = YES;
				CLANG_ENABLE_OBJC_ARC = YES;
				CLANG_ENABLE_OBJC_WEAK = YES;
				CLANG_WARN_BLOCK_CAPTURE_AUTORELEASING = YES;
				CLANG_WARN_BOOL_CONVERSION = YES;
				CLANG_WARN_COMMA = YES;
				CLANG_WARN_CONSTANT_CONVERSION = YES;
				CLANG_WARN_DEPRECATED_OBJC_IMPLEMENTATIONS = YES;
				CLANG_WARN_DIRECT_OBJC_ISA_USAGE = YES_ERROR;
				CLANG_WARN_DOCUMENTATION_COMMENTS = YES;
				CLANG_WARN_EMPTY_BODY = YES;
				CLANG_WARN_ENUM_CONVERSION = YES;
				CLANG_WARN_INFINITE_RECURSION = YES;
				CLANG_WARN_INT_CONVERSION = YES;
				CLANG_WARN_NON_LITERAL_NULL_CONVERSION = YES;
				CLANG_WARN_OBJC_IMPLICIT_RETAIN_SELF = YES;
				CLANG_WARN_OBJC_LITERAL_CONVERSION = YES;
				CLANG_WARN_OBJC_ROOT_CLASS = YES_ERROR;
				CLANG_WARN_RANGE_LOOP_ANALYSIS = YES;
				CLANG_WARN_STRICT_PROTOTYPES = YES;
				CLANG_WARN_SUSPICIOUS_MOVE = YES;
				CLANG_WARN_UNGUARDED_AVAILABILITY = YES_AGGRESSIVE;
				CLANG_WARN_UNREACHABLE_CODE = YES;
				CLANG_WARN__DUPLICATE_METHOD_MATCH = YES;
				CODE_SIGN_IDENTITY = "iPhone Developer";
				COPY_PHASE_STRIP = NO;
				DEBUG_INFORMATION_FORMAT = dwarf;
				ENABLE_STRICT_OBJC_MSGSEND = YES;
				ENABLE_TESTABILITY = YES;
				GCC_C_LANGUAGE_STANDARD = gnu11;
				GCC_DYNAMIC_NO_PIC = NO;
				GCC_NO_COMMON_BLOCKS = YES;
				GCC_OPTIMIZATION_LEVEL = 0;
				GCC_PREPROCESSOR_DEFINITIONS = (
					"DEBUG=1",
					"$(inherited)",
				);
				GCC_WARN_64_TO_32_BIT_CONVERSION = YES;
				GCC_WARN_ABOUT_RETURN_TYPE = YES_ERROR;
				GCC_WARN_UNDECLARED_SELECTOR = YES;
				GCC_WARN_UNINITIALIZED_AUTOS = YES_AGGRESSIVE;
				GCC_WARN_UNUSED_FUNCTION = YES;
				GCC_WARN_UNUSED_VARIABLE = YES;
				IPHONEOS_DEPLOYMENT_TARGET = 11.4;
				MTL_ENABLE_DEBUG_INFO = YES;
				ONLY_ACTIVE_ARCH = YES;
				SDKROOT = iphoneos;
				SWIFT_ACTIVE_COMPILATION_CONDITIONS = DEBUG;
				SWIFT_OPTIMIZATION_LEVEL = "-Onone";
			};
			name = Debug;
		};
		F6EB02C32103D75A006CD141 /* Release */ = {
			isa = XCBuildConfiguration;
			buildSettings = {
				ALWAYS_SEARCH_USER_PATHS = NO;
				CLANG_ANALYZER_NONNULL = YES;
				CLANG_ANALYZER_NUMBER_OBJECT_CONVERSION = YES_AGGRESSIVE;
				CLANG_CXX_LANGUAGE_STANDARD = "gnu++14";
				CLANG_CXX_LIBRARY = "libc++";
				CLANG_ENABLE_MODULES = YES;
				CLANG_ENABLE_OBJC_ARC = YES;
				CLANG_ENABLE_OBJC_WEAK = YES;
				CLANG_WARN_BLOCK_CAPTURE_AUTORELEASING = YES;
				CLANG_WARN_BOOL_CONVERSION = YES;
				CLANG_WARN_COMMA = YES;
				CLANG_WARN_CONSTANT_CONVERSION = YES;
				CLANG_WARN_DEPRECATED_OBJC_IMPLEMENTATIONS = YES;
				CLANG_WARN_DIRECT_OBJC_ISA_USAGE = YES_ERROR;
				CLANG_WARN_DOCUMENTATION_COMMENTS = YES;
				CLANG_WARN_EMPTY_BODY = YES;
				CLANG_WARN_ENUM_CONVERSION = YES;
				CLANG_WARN_INFINITE_RECURSION = YES;
				CLANG_WARN_INT_CONVERSION = YES;
				CLANG_WARN_NON_LITERAL_NULL_CONVERSION = YES;
				CLANG_WARN_OBJC_IMPLICIT_RETAIN_SELF = YES;
				CLANG_WARN_OBJC_LITERAL_CONVERSION = YES;
				CLANG_WARN_OBJC_ROOT_CLASS = YES_ERROR;
				CLANG_WARN_RANGE_LOOP_ANALYSIS = YES;
				CLANG_WARN_STRICT_PROTOTYPES = YES;
				CLANG_WARN_SUSPICIOUS_MOVE = YES;
				CLANG_WARN_UNGUARDED_AVAILABILITY = YES_AGGRESSIVE;
				CLANG_WARN_UNREACHABLE_CODE = YES;
				CLANG_WARN__DUPLICATE_METHOD_MATCH = YES;
				CODE_SIGN_IDENTITY = "iPhone Developer";
				COPY_PHASE_STRIP = NO;
				DEBUG_INFORMATION_FORMAT = "dwarf-with-dsym";
				ENABLE_NS_ASSERTIONS = NO;
				ENABLE_STRICT_OBJC_MSGSEND = YES;
				GCC_C_LANGUAGE_STANDARD = gnu11;
				GCC_NO_COMMON_BLOCKS = YES;
				GCC_WARN_64_TO_32_BIT_CONVERSION = YES;
				GCC_WARN_ABOUT_RETURN_TYPE = YES_ERROR;
				GCC_WARN_UNDECLARED_SELECTOR = YES;
				GCC_WARN_UNINITIALIZED_AUTOS = YES_AGGRESSIVE;
				GCC_WARN_UNUSED_FUNCTION = YES;
				GCC_WARN_UNUSED_VARIABLE = YES;
				IPHONEOS_DEPLOYMENT_TARGET = 11.4;
				MTL_ENABLE_DEBUG_INFO = NO;
				SDKROOT = iphoneos;
				SWIFT_COMPILATION_MODE = wholemodule;
				SWIFT_OPTIMIZATION_LEVEL = "-O";
				VALIDATE_PRODUCT = YES;
			};
			name = Release;
		};
		F6EB02C52103D75A006CD141 /* Debug */ = {
			isa = XCBuildConfiguration;
			baseConfigurationReference = B975F268D6AAC23F0A76E379 /* Pods-MusicJournal.debug.xcconfig */;
			buildSettings = {
				ASSETCATALOG_COMPILER_APPICON_NAME = AppIcon;
				CODE_SIGN_IDENTITY = "iPhone Developer";
				CODE_SIGN_STYLE = Automatic;
				DEBUG_INFORMATION_FORMAT = "dwarf-with-dsym";
				DEVELOPMENT_TEAM = X5ZKFR55NQ;
				INFOPLIST_FILE = MusicJournal/Info.plist;
				IPHONEOS_DEPLOYMENT_TARGET = 11.4;
				LD_RUNPATH_SEARCH_PATHS = (
					"$(inherited)",
					"@executable_path/Frameworks",
				);
				PRODUCT_BUNDLE_IDENTIFIER = "com.audrey-ha.MusicJournal";
				PRODUCT_NAME = "$(TARGET_NAME)";
				PROVISIONING_PROFILE_SPECIFIER = "";
				SWIFT_VERSION = 4.0;
				TARGETED_DEVICE_FAMILY = "1,2";
			};
			name = Debug;
		};
		F6EB02C62103D75A006CD141 /* Release */ = {
			isa = XCBuildConfiguration;
			baseConfigurationReference = C3508BDD8B919D799E6C5FD8 /* Pods-MusicJournal.release.xcconfig */;
			buildSettings = {
				ASSETCATALOG_COMPILER_APPICON_NAME = AppIcon;
				CODE_SIGN_IDENTITY = "iPhone Developer";
				CODE_SIGN_STYLE = Automatic;
				DEVELOPMENT_TEAM = X5ZKFR55NQ;
				INFOPLIST_FILE = MusicJournal/Info.plist;
				IPHONEOS_DEPLOYMENT_TARGET = 11.4;
				LD_RUNPATH_SEARCH_PATHS = (
					"$(inherited)",
					"@executable_path/Frameworks",
				);
				PRODUCT_BUNDLE_IDENTIFIER = "com.audrey-ha.MusicJournal";
				PRODUCT_NAME = "$(TARGET_NAME)";
				PROVISIONING_PROFILE_SPECIFIER = "";
				SWIFT_VERSION = 4.0;
				TARGETED_DEVICE_FAMILY = "1,2";
			};
			name = Release;
		};
/* End XCBuildConfiguration section */

/* Begin XCConfigurationList section */
		F6EB02AA2103D759006CD141 /* Build configuration list for PBXProject "MusicJournal" */ = {
			isa = XCConfigurationList;
			buildConfigurations = (
				F6EB02C22103D75A006CD141 /* Debug */,
				F6EB02C32103D75A006CD141 /* Release */,
			);
			defaultConfigurationIsVisible = 0;
			defaultConfigurationName = Release;
		};
		F6EB02C42103D75A006CD141 /* Build configuration list for PBXNativeTarget "MusicJournal" */ = {
			isa = XCConfigurationList;
			buildConfigurations = (
				F6EB02C52103D75A006CD141 /* Debug */,
				F6EB02C62103D75A006CD141 /* Release */,
			);
			defaultConfigurationIsVisible = 0;
			defaultConfigurationName = Release;
		};
/* End XCConfigurationList section */

/* Begin XCVersionGroup section */
		F628826821068AAE0010B15E /* MusicJournal.xcdatamodeld */ = {
			isa = XCVersionGroup;
			children = (
				F628826921068AAE0010B15E /* MusicJournal.xcdatamodel */,
			);
			currentVersion = F628826921068AAE0010B15E /* MusicJournal.xcdatamodel */;
			path = MusicJournal.xcdatamodeld;
			sourceTree = "<group>";
			versionGroupType = wrapper.xcdatamodel;
		};
/* End XCVersionGroup section */
	};
	rootObject = F6EB02A72103D759006CD141 /* Project object */;
}
