// !$*UTF8*$!
{
	archiveVersion = 1;
	classes = {
	};
	objectVersion = 50;
	objects = {

/* Begin PBXBuildFile section */
		F6367A6C2103ED3800981216 /* RecordMusicViewController.swift in Sources */ = {isa = PBXBuildFile; fileRef = F6367A6B2103ED3800981216 /* RecordMusicViewController.swift */; };
		F6367A6E2103ED4500981216 /* SongInfoViewController.swift in Sources */ = {isa = PBXBuildFile; fileRef = F6367A6D2103ED4500981216 /* SongInfoViewController.swift */; };
		F6367A742103FA8F00981216 /* MusicJournal.xcdatamodeld in Sources */ = {isa = PBXBuildFile; fileRef = F6367A722103FA8F00981216 /* MusicJournal.xcdatamodeld */; };
		F6367A762103FECC00981216 /* myRecordingsTableViewCell.swift in Sources */ = {isa = PBXBuildFile; fileRef = F6367A752103FECC00981216 /* myRecordingsTableViewCell.swift */; };
		F6367A782104005700981216 /* MyRecordingsTableViewController.swift in Sources */ = {isa = PBXBuildFile; fileRef = F6367A772104005700981216 /* MyRecordingsTableViewController.swift */; };
		F6EB02B32103D759006CD141 /* AppDelegate.swift in Sources */ = {isa = PBXBuildFile; fileRef = F6EB02B22103D759006CD141 /* AppDelegate.swift */; };
		F6EB02B52103D759006CD141 /* HomeViewController.swift in Sources */ = {isa = PBXBuildFile; fileRef = F6EB02B42103D759006CD141 /* HomeViewController.swift */; };
		F6EB02B82103D759006CD141 /* Main.storyboard in Resources */ = {isa = PBXBuildFile; fileRef = F6EB02B62103D759006CD141 /* Main.storyboard */; };
		F6EB02BB2103D759006CD141 /* MusicJournal.xcdatamodeld in Sources */ = {isa = PBXBuildFile; fileRef = F6EB02B92103D759006CD141 /* MusicJournal.xcdatamodeld */; };
		F6EB02BD2103D75A006CD141 /* Assets.xcassets in Resources */ = {isa = PBXBuildFile; fileRef = F6EB02BC2103D75A006CD141 /* Assets.xcassets */; };
		F6EB02C02103D75A006CD141 /* LaunchScreen.storyboard in Resources */ = {isa = PBXBuildFile; fileRef = F6EB02BE2103D75A006CD141 /* LaunchScreen.storyboard */; };
		F6EB02CE2103E044006CD141 /* myRecordings.storyboard in Resources */ = {isa = PBXBuildFile; fileRef = F6EB02CD2103E044006CD141 /* myRecordings.storyboard */; };
		F6EB02D22103EABC006CD141 /* OrganizationViewController.swift in Sources */ = {isa = PBXBuildFile; fileRef = F6EB02D12103EABC006CD141 /* OrganizationViewController.swift */; };
/* End PBXBuildFile section */

/* Begin PBXFileReference section */
		F6367A6B2103ED3800981216 /* RecordMusicViewController.swift */ = {isa = PBXFileReference; lastKnownFileType = sourcecode.swift; path = RecordMusicViewController.swift; sourceTree = "<group>"; };
		F6367A6D2103ED4500981216 /* SongInfoViewController.swift */ = {isa = PBXFileReference; lastKnownFileType = sourcecode.swift; path = SongInfoViewController.swift; sourceTree = "<group>"; };
		F6367A732103FA8F00981216 /* MusicJournal.xcdatamodel */ = {isa = PBXFileReference; lastKnownFileType = wrapper.xcdatamodel; path = MusicJournal.xcdatamodel; sourceTree = "<group>"; };
		F6367A752103FECC00981216 /* myRecordingsTableViewCell.swift */ = {isa = PBXFileReference; lastKnownFileType = sourcecode.swift; path = myRecordingsTableViewCell.swift; sourceTree = "<group>"; };
		F6367A772104005700981216 /* MyRecordingsTableViewController.swift */ = {isa = PBXFileReference; lastKnownFileType = sourcecode.swift; path = MyRecordingsTableViewController.swift; sourceTree = "<group>"; };
		F6EB02AF2103D759006CD141 /* MusicJournal.app */ = {isa = PBXFileReference; explicitFileType = wrapper.application; includeInIndex = 0; path = MusicJournal.app; sourceTree = BUILT_PRODUCTS_DIR; };
		F6EB02B22103D759006CD141 /* AppDelegate.swift */ = {isa = PBXFileReference; lastKnownFileType = sourcecode.swift; path = AppDelegate.swift; sourceTree = "<group>"; };
		F6EB02B42103D759006CD141 /* HomeViewController.swift */ = {isa = PBXFileReference; lastKnownFileType = sourcecode.swift; path = HomeViewController.swift; sourceTree = "<group>"; };
		F6EB02B72103D759006CD141 /* Base */ = {isa = PBXFileReference; lastKnownFileType = file.storyboard; name = Base; path = Base.lproj/Main.storyboard; sourceTree = "<group>"; };
		F6EB02BA2103D759006CD141 /* MusicJournal.xcdatamodel */ = {isa = PBXFileReference; lastKnownFileType = wrapper.xcdatamodel; path = MusicJournal.xcdatamodel; sourceTree = "<group>"; };
		F6EB02BC2103D75A006CD141 /* Assets.xcassets */ = {isa = PBXFileReference; lastKnownFileType = folder.assetcatalog; path = Assets.xcassets; sourceTree = "<group>"; };
		F6EB02BF2103D75A006CD141 /* Base */ = {isa = PBXFileReference; lastKnownFileType = file.storyboard; name = Base; path = Base.lproj/LaunchScreen.storyboard; sourceTree = "<group>"; };
		F6EB02C12103D75A006CD141 /* Info.plist */ = {isa = PBXFileReference; lastKnownFileType = text.plist.xml; path = Info.plist; sourceTree = "<group>"; };
		F6EB02CD2103E044006CD141 /* myRecordings.storyboard */ = {isa = PBXFileReference; fileEncoding = 4; lastKnownFileType = file.storyboard; path = myRecordings.storyboard; sourceTree = "<group>"; };
		F6EB02D12103EABC006CD141 /* OrganizationViewController.swift */ = {isa = PBXFileReference; lastKnownFileType = sourcecode.swift; path = OrganizationViewController.swift; sourceTree = "<group>"; };
/* End PBXFileReference section */

/* Begin PBXFrameworksBuildPhase section */
		F6EB02AC2103D759006CD141 /* Frameworks */ = {
			isa = PBXFrameworksBuildPhase;
			buildActionMask = 2147483647;
			files = (
			);
			runOnlyForDeploymentPostprocessing = 0;
		};
/* End PBXFrameworksBuildPhase section */

/* Begin PBXGroup section */
		F6367A6F2103F9CD00981216 /* Models */ = {
			isa = PBXGroup;
			children = (
				F6367A722103FA8F00981216 /* MusicJournal.xcdatamodeld */,
			);
			path = Models;
			sourceTree = "<group>";
		};
		F65CC04A210405AF00C8ABC2 /* Views */ = {
			isa = PBXGroup;
			children = (
				F6367A752103FECC00981216 /* myRecordingsTableViewCell.swift */,
			);
			path = Views;
			sourceTree = "<group>";
		};
		F6EB02A62103D759006CD141 = {
			isa = PBXGroup;
			children = (
				F6367A6F2103F9CD00981216 /* Models */,
				F6EB02B12103D759006CD141 /* MusicJournal */,
				F6EB02B02103D759006CD141 /* Products */,
			);
			sourceTree = "<group>";
		};
		F6EB02B02103D759006CD141 /* Products */ = {
			isa = PBXGroup;
			children = (
				F6EB02AF2103D759006CD141 /* MusicJournal.app */,
			);
			name = Products;
			sourceTree = "<group>";
		};
		F6EB02B12103D759006CD141 /* MusicJournal */ = {
			isa = PBXGroup;
			children = (
				F65CC04A210405AF00C8ABC2 /* Views */,
				F6EB02C92103D77E006CD141 /* ViewControllers */,
				F6EB02C82103D76E006CD141 /* Storyboards */,
				F6EB02B22103D759006CD141 /* AppDelegate.swift */,
				F6EB02BC2103D75A006CD141 /* Assets.xcassets */,
				F6EB02BE2103D75A006CD141 /* LaunchScreen.storyboard */,
				F6EB02C12103D75A006CD141 /* Info.plist */,
				F6EB02B92103D759006CD141 /* MusicJournal.xcdatamodeld */,
			);
			path = MusicJournal;
			sourceTree = "<group>";
		};
		F6EB02C82103D76E006CD141 /* Storyboards */ = {
			isa = PBXGroup;
			children = (
				F6EB02B62103D759006CD141 /* Main.storyboard */,
				F6EB02CD2103E044006CD141 /* myRecordings.storyboard */,
			);
			path = Storyboards;
			sourceTree = "<group>";
		};
		F6EB02C92103D77E006CD141 /* ViewControllers */ = {
			isa = PBXGroup;
			children = (
				F6EB02B42103D759006CD141 /* HomeViewController.swift */,
				F6EB02D12103EABC006CD141 /* OrganizationViewController.swift */,
				F6367A6B2103ED3800981216 /* RecordMusicViewController.swift */,
				F6367A6D2103ED4500981216 /* SongInfoViewController.swift */,
				F6367A772104005700981216 /* MyRecordingsTableViewController.swift */,
			);
			path = ViewControllers;
			sourceTree = "<group>";
		};
/* End PBXGroup section */

/* Begin PBXNativeTarget section */
		F6EB02AE2103D759006CD141 /* MusicJournal */ = {
			isa = PBXNativeTarget;
			buildConfigurationList = F6EB02C42103D75A006CD141 /* Build configuration list for PBXNativeTarget "MusicJournal" */;
			buildPhases = (
				F6EB02AB2103D759006CD141 /* Sources */,
				F6EB02AC2103D759006CD141 /* Frameworks */,
				F6EB02AD2103D759006CD141 /* Resources */,
			);
			buildRules = (
			);
			dependencies = (
			);
			name = MusicJournal;
			productName = MusicJournal;
			productReference = F6EB02AF2103D759006CD141 /* MusicJournal.app */;
			productType = "com.apple.product-type.application";
		};
/* End PBXNativeTarget section */

/* Begin PBXProject section */
		F6EB02A72103D759006CD141 /* Project object */ = {
			isa = PBXProject;
			attributes = {
				LastSwiftUpdateCheck = 0940;
				LastUpgradeCheck = 0940;
				ORGANIZATIONNAME = MakeSchool;
				TargetAttributes = {
					F6EB02AE2103D759006CD141 = {
						CreatedOnToolsVersion = 9.4.1;
					};
				};
			};
			buildConfigurationList = F6EB02AA2103D759006CD141 /* Build configuration list for PBXProject "MusicJournal" */;
			compatibilityVersion = "Xcode 9.3";
			developmentRegion = en;
			hasScannedForEncodings = 0;
			knownRegions = (
				en,
				Base,
			);
			mainGroup = F6EB02A62103D759006CD141;
			productRefGroup = F6EB02B02103D759006CD141 /* Products */;
			projectDirPath = "";
			projectRoot = "";
			targets = (
				F6EB02AE2103D759006CD141 /* MusicJournal */,
			);
		};
/* End PBXProject section */

/* Begin PBXResourcesBuildPhase section */
		F6EB02AD2103D759006CD141 /* Resources */ = {
			isa = PBXResourcesBuildPhase;
			buildActionMask = 2147483647;
			files = (
				F6EB02CE2103E044006CD141 /* myRecordings.storyboard in Resources */,
				F6EB02C02103D75A006CD141 /* LaunchScreen.storyboard in Resources */,
				F6EB02BD2103D75A006CD141 /* Assets.xcassets in Resources */,
				F6EB02B82103D759006CD141 /* Main.storyboard in Resources */,
			);
			runOnlyForDeploymentPostprocessing = 0;
		};
/* End PBXResourcesBuildPhase section */

/* Begin PBXSourcesBuildPhase section */
		F6EB02AB2103D759006CD141 /* Sources */ = {
			isa = PBXSourcesBuildPhase;
			buildActionMask = 2147483647;
			files = (
				F6EB02D22103EABC006CD141 /* OrganizationViewController.swift in Sources */,
				F6367A6E2103ED4500981216 /* SongInfoViewController.swift in Sources */,
				F6367A782104005700981216 /* MyRecordingsTableViewController.swift in Sources */,
				F6EB02B52103D759006CD141 /* HomeViewController.swift in Sources */,
				F6367A762103FECC00981216 /* myRecordingsTableViewCell.swift in Sources */,
				F6EB02BB2103D759006CD141 /* MusicJournal.xcdatamodeld in Sources */,
				F6367A742103FA8F00981216 /* MusicJournal.xcdatamodeld in Sources */,
				F6367A6C2103ED3800981216 /* RecordMusicViewController.swift in Sources */,
				F6EB02B32103D759006CD141 /* AppDelegate.swift in Sources */,
			);
			runOnlyForDeploymentPostprocessing = 0;
		};
/* End PBXSourcesBuildPhase section */

/* Begin PBXVariantGroup section */
		F6EB02B62103D759006CD141 /* Main.storyboard */ = {
			isa = PBXVariantGroup;
			children = (
				F6EB02B72103D759006CD141 /* Base */,
			);
			name = Main.storyboard;
			sourceTree = "<group>";
		};
		F6EB02BE2103D75A006CD141 /* LaunchScreen.storyboard */ = {
			isa = PBXVariantGroup;
			children = (
				F6EB02BF2103D75A006CD141 /* Base */,
			);
			name = LaunchScreen.storyboard;
			sourceTree = "<group>";
		};
/* End PBXVariantGroup section */

/* Begin XCBuildConfiguration section */
		F6EB02C22103D75A006CD141 /* Debug */ = {
			isa = XCBuildConfiguration;
			buildSettings = {
				ALWAYS_SEARCH_USER_PATHS = NO;
				CLANG_ANALYZER_NONNULL = YES;
				CLANG_ANALYZER_NUMBER_OBJECT_CONVERSION = YES_AGGRESSIVE;
				CLANG_CXX_LANGUAGE_STANDARD = "gnu++14";
				CLANG_CXX_LIBRARY = "libc++";
				CLANG_ENABLE_MODULES = YES;
				CLANG_ENABLE_OBJC_ARC = YES;
				CLANG_ENABLE_OBJC_WEAK = YES;
				CLANG_WARN_BLOCK_CAPTURE_AUTORELEASING = YES;
				CLANG_WARN_BOOL_CONVERSION = YES;
				CLANG_WARN_COMMA = YES;
				CLANG_WARN_CONSTANT_CONVERSION = YES;
				CLANG_WARN_DEPRECATED_OBJC_IMPLEMENTATIONS = YES;
				CLANG_WARN_DIRECT_OBJC_ISA_USAGE = YES_ERROR;
				CLANG_WARN_DOCUMENTATION_COMMENTS = YES;
				CLANG_WARN_EMPTY_BODY = YES;
				CLANG_WARN_ENUM_CONVERSION = YES;
				CLANG_WARN_INFINITE_RECURSION = YES;
				CLANG_WARN_INT_CONVERSION = YES;
				CLANG_WARN_NON_LITERAL_NULL_CONVERSION = YES;
				CLANG_WARN_OBJC_IMPLICIT_RETAIN_SELF = YES;
				CLANG_WARN_OBJC_LITERAL_CONVERSION = YES;
				CLANG_WARN_OBJC_ROOT_CLASS = YES_ERROR;
				CLANG_WARN_RANGE_LOOP_ANALYSIS = YES;
				CLANG_WARN_STRICT_PROTOTYPES = YES;
				CLANG_WARN_SUSPICIOUS_MOVE = YES;
				CLANG_WARN_UNGUARDED_AVAILABILITY = YES_AGGRESSIVE;
				CLANG_WARN_UNREACHABLE_CODE = YES;
				CLANG_WARN__DUPLICATE_METHOD_MATCH = YES;
				CODE_SIGN_IDENTITY = "iPhone Developer";
				COPY_PHASE_STRIP = NO;
				DEBUG_INFORMATION_FORMAT = dwarf;
				ENABLE_STRICT_OBJC_MSGSEND = YES;
				ENABLE_TESTABILITY = YES;
				GCC_C_LANGUAGE_STANDARD = gnu11;
				GCC_DYNAMIC_NO_PIC = NO;
				GCC_NO_COMMON_BLOCKS = YES;
				GCC_OPTIMIZATION_LEVEL = 0;
				GCC_PREPROCESSOR_DEFINITIONS = (
					"DEBUG=1",
					"$(inherited)",
				);
				GCC_WARN_64_TO_32_BIT_CONVERSION = YES;
				GCC_WARN_ABOUT_RETURN_TYPE = YES_ERROR;
				GCC_WARN_UNDECLARED_SELECTOR = YES;
				GCC_WARN_UNINITIALIZED_AUTOS = YES_AGGRESSIVE;
				GCC_WARN_UNUSED_FUNCTION = YES;
				GCC_WARN_UNUSED_VARIABLE = YES;
				IPHONEOS_DEPLOYMENT_TARGET = 11.4;
				MTL_ENABLE_DEBUG_INFO = YES;
				ONLY_ACTIVE_ARCH = YES;
				SDKROOT = iphoneos;
				SWIFT_ACTIVE_COMPILATION_CONDITIONS = DEBUG;
				SWIFT_OPTIMIZATION_LEVEL = "-Onone";
			};
			name = Debug;
		};
		F6EB02C32103D75A006CD141 /* Release */ = {
			isa = XCBuildConfiguration;
			buildSettings = {
				ALWAYS_SEARCH_USER_PATHS = NO;
				CLANG_ANALYZER_NONNULL = YES;
				CLANG_ANALYZER_NUMBER_OBJECT_CONVERSION = YES_AGGRESSIVE;
				CLANG_CXX_LANGUAGE_STANDARD = "gnu++14";
				CLANG_CXX_LIBRARY = "libc++";
				CLANG_ENABLE_MODULES = YES;
				CLANG_ENABLE_OBJC_ARC = YES;
				CLANG_ENABLE_OBJC_WEAK = YES;
				CLANG_WARN_BLOCK_CAPTURE_AUTORELEASING = YES;
				CLANG_WARN_BOOL_CONVERSION = YES;
				CLANG_WARN_COMMA = YES;
				CLANG_WARN_CONSTANT_CONVERSION = YES;
				CLANG_WARN_DEPRECATED_OBJC_IMPLEMENTATIONS = YES;
				CLANG_WARN_DIRECT_OBJC_ISA_USAGE = YES_ERROR;
				CLANG_WARN_DOCUMENTATION_COMMENTS = YES;
				CLANG_WARN_EMPTY_BODY = YES;
				CLANG_WARN_ENUM_CONVERSION = YES;
				CLANG_WARN_INFINITE_RECURSION = YES;
				CLANG_WARN_INT_CONVERSION = YES;
				CLANG_WARN_NON_LITERAL_NULL_CONVERSION = YES;
				CLANG_WARN_OBJC_IMPLICIT_RETAIN_SELF = YES;
				CLANG_WARN_OBJC_LITERAL_CONVERSION = YES;
				CLANG_WARN_OBJC_ROOT_CLASS = YES_ERROR;
				CLANG_WARN_RANGE_LOOP_ANALYSIS = YES;
				CLANG_WARN_STRICT_PROTOTYPES = YES;
				CLANG_WARN_SUSPICIOUS_MOVE = YES;
				CLANG_WARN_UNGUARDED_AVAILABILITY = YES_AGGRESSIVE;
				CLANG_WARN_UNREACHABLE_CODE = YES;
				CLANG_WARN__DUPLICATE_METHOD_MATCH = YES;
				CODE_SIGN_IDENTITY = "iPhone Developer";
				COPY_PHASE_STRIP = NO;
				DEBUG_INFORMATION_FORMAT = "dwarf-with-dsym";
				ENABLE_NS_ASSERTIONS = NO;
				ENABLE_STRICT_OBJC_MSGSEND = YES;
				GCC_C_LANGUAGE_STANDARD = gnu11;
				GCC_NO_COMMON_BLOCKS = YES;
				GCC_WARN_64_TO_32_BIT_CONVERSION = YES;
				GCC_WARN_ABOUT_RETURN_TYPE = YES_ERROR;
				GCC_WARN_UNDECLARED_SELECTOR = YES;
				GCC_WARN_UNINITIALIZED_AUTOS = YES_AGGRESSIVE;
				GCC_WARN_UNUSED_FUNCTION = YES;
				GCC_WARN_UNUSED_VARIABLE = YES;
				IPHONEOS_DEPLOYMENT_TARGET = 11.4;
				MTL_ENABLE_DEBUG_INFO = NO;
				SDKROOT = iphoneos;
				SWIFT_COMPILATION_MODE = wholemodule;
				SWIFT_OPTIMIZATION_LEVEL = "-O";
				VALIDATE_PRODUCT = YES;
			};
			name = Release;
		};
		F6EB02C52103D75A006CD141 /* Debug */ = {
			isa = XCBuildConfiguration;
			buildSettings = {
				ASSETCATALOG_COMPILER_APPICON_NAME = AppIcon;
				CODE_SIGN_STYLE = Automatic;
				DEVELOPMENT_TEAM = X5ZKFR55NQ;
				INFOPLIST_FILE = MusicJournal/Info.plist;
				LD_RUNPATH_SEARCH_PATHS = (
					"$(inherited)",
					"@executable_path/Frameworks",
				);
				PRODUCT_BUNDLE_IDENTIFIER = "com.audrey-ha.MusicJournal";
				PRODUCT_NAME = "$(TARGET_NAME)";
				SWIFT_VERSION = 4.0;
				TARGETED_DEVICE_FAMILY = "1,2";
			};
			name = Debug;
		};
		F6EB02C62103D75A006CD141 /* Release */ = {
			isa = XCBuildConfiguration;
			buildSettings = {
				ASSETCATALOG_COMPILER_APPICON_NAME = AppIcon;
				CODE_SIGN_STYLE = Automatic;
				DEVELOPMENT_TEAM = X5ZKFR55NQ;
				INFOPLIST_FILE = MusicJournal/Info.plist;
				LD_RUNPATH_SEARCH_PATHS = (
					"$(inherited)",
					"@executable_path/Frameworks",
				);
				PRODUCT_BUNDLE_IDENTIFIER = "com.audrey-ha.MusicJournal";
				PRODUCT_NAME = "$(TARGET_NAME)";
				SWIFT_VERSION = 4.0;
				TARGETED_DEVICE_FAMILY = "1,2";
			};
			name = Release;
		};
/* End XCBuildConfiguration section */

/* Begin XCConfigurationList section */
		F6EB02AA2103D759006CD141 /* Build configuration list for PBXProject "MusicJournal" */ = {
			isa = XCConfigurationList;
			buildConfigurations = (
				F6EB02C22103D75A006CD141 /* Debug */,
				F6EB02C32103D75A006CD141 /* Release */,
			);
			defaultConfigurationIsVisible = 0;
			defaultConfigurationName = Release;
		};
		F6EB02C42103D75A006CD141 /* Build configuration list for PBXNativeTarget "MusicJournal" */ = {
			isa = XCConfigurationList;
			buildConfigurations = (
				F6EB02C52103D75A006CD141 /* Debug */,
				F6EB02C62103D75A006CD141 /* Release */,
			);
			defaultConfigurationIsVisible = 0;
			defaultConfigurationName = Release;
		};
/* End XCConfigurationList section */

/* Begin XCVersionGroup section */
		F6367A722103FA8F00981216 /* MusicJournal.xcdatamodeld */ = {
			isa = XCVersionGroup;
			children = (
				F6367A732103FA8F00981216 /* MusicJournal.xcdatamodel */,
			);
			currentVersion = F6367A732103FA8F00981216 /* MusicJournal.xcdatamodel */;
			path = MusicJournal.xcdatamodeld;
			sourceTree = "<group>";
			versionGroupType = wrapper.xcdatamodel;
		};
		F6EB02B92103D759006CD141 /* MusicJournal.xcdatamodeld */ = {
			isa = XCVersionGroup;
			children = (
				F6EB02BA2103D759006CD141 /* MusicJournal.xcdatamodel */,
			);
			currentVersion = F6EB02BA2103D759006CD141 /* MusicJournal.xcdatamodel */;
			path = MusicJournal.xcdatamodeld;
			sourceTree = "<group>";
			versionGroupType = wrapper.xcdatamodel;
		};
/* End XCVersionGroup section */
	};
	rootObject = F6EB02A72103D759006CD141 /* Project object */;
}
